
Microsoft Visual Studio Solution File, Format Version 12.00
# Visual Studio Version 16
VisualStudioVersion = 16.0.31624.102
MinimumVisualStudioVersion = 10.0.40219.1
Project("{FAE04EC0-301F-11D3-BF4B-00C04F79EFBC}") = "CF_module_14_3", "CF_module_14_3\CF_module_14_3.csproj", "{BB2614F0-FDCF-4041-B7D6-02F91D441293}"
EndProject
Global
	GlobalSection(SolutionConfigurationPlatforms) = preSolution
		Debug|Any CPU = Debug|Any CPU
		Release|Any CPU = Release|Any CPU
	EndGlobalSection
	GlobalSection(ProjectConfigurationPlatforms) = postSolution
		{BB2614F0-FDCF-4041-B7D6-02F91D441293}.Debug|Any CPU.ActiveCfg = Debug|Any CPU
		{BB2614F0-FDCF-4041-B7D6-02F91D441293}.Debug|Any CPU.Build.0 = Debug|Any CPU
		{BB2614F0-FDCF-4041-B7D6-02F91D441293}.Release|Any CPU.ActiveCfg = Release|Any CPU
		{BB2614F0-FDCF-4041-B7D6-02F91D441293}.Release|Any CPU.Build.0 = Release|Any CPU
	EndGlobalSection
	GlobalSection(SolutionProperties) = preSolution
		HideSolutionNode = FALSE
	EndGlobalSection
	GlobalSection(ExtensibilityGlobals) = postSolution
		SolutionGuid = {D4AF32A8-1AC2-4B0F-AF99-B9203C8957F7}
	EndGlobalSection
EndGlobal
